// !$*UTF8*$!
{
	archiveVersion = 1;
	classes = {
	};
	objectVersion = 46;
	objects = {

/* Begin PBXBuildFile section */
		822D40BB164178DB007DC298 /* MacRuby.framework in Frameworks */ = {isa = PBXBuildFile; fileRef = 822D40BA164178DB007DC298 /* MacRuby.framework */; };
		823516A815AF65670028799B /* SPMediaKeyTap.m in Sources */ = {isa = PBXBuildFile; fileRef = 823516A715AF65670028799B /* SPMediaKeyTap.m */; };
		823516AB15AF68490028799B /* NSObject+SPInvocationGrabbing.m in Sources */ = {isa = PBXBuildFile; fileRef = 823516AA15AF68490028799B /* NSObject+SPInvocationGrabbing.m */; };
		8235511015DB0C4100E881B1 /* icon.iconset in Resources */ = {isa = PBXBuildFile; fileRef = 8235510F15DB0C4100E881B1 /* icon.iconset */; };
		82441781137442DA00B0EF2F /* ThumperTable.rb in Resources */ = {isa = PBXBuildFile; fileRef = 82441780137442DA00B0EF2F /* ThumperTable.rb */; };
		8249080514929D53009024AF /* MRNotifier.rb in Resources */ = {isa = PBXBuildFile; fileRef = 8249080214929AA0009024AF /* MRNotifier.rb */; };
		826170AE134914EA0026F381 /* ThumperAlbumDelegate.rb in Resources */ = {isa = PBXBuildFile; fileRef = 826170AD134914EA0026F381 /* ThumperAlbumDelegate.rb */; };
		826170B1134922400026F381 /* ThumperSongsDelegate.rb in Resources */ = {isa = PBXBuildFile; fileRef = 826170B0134922400026F381 /* ThumperSongsDelegate.rb */; };
		826170B3134AC2E90026F381 /* ThumperCurrentPlaylistDelegate.rb in Resources */ = {isa = PBXBuildFile; fileRef = 826170B2134AC2E90026F381 /* ThumperCurrentPlaylistDelegate.rb */; };
		826170C9134C33CE0026F381 /* Library.png in Resources */ = {isa = PBXBuildFile; fileRef = 826170C8134C33CE0026F381 /* Library.png */; };
		826170CC134C351A0026F381 /* PlayList.png in Resources */ = {isa = PBXBuildFile; fileRef = 826170CA134C351A0026F381 /* PlayList.png */; };
		826170CD134C351A0026F381 /* Search.png in Resources */ = {isa = PBXBuildFile; fileRef = 826170CB134C351A0026F381 /* Search.png */; };
		82645E22135CE8CF00B3CDEF /* ThumperSearchDelegate.rb in Resources */ = {isa = PBXBuildFile; fileRef = 82645E21135CE8CF00B3CDEF /* ThumperSearchDelegate.rb */; };
		827CE5C71347B49D00170589 /* Cocoa.framework in Frameworks */ = {isa = PBXBuildFile; fileRef = 827CE5C61347B49D00170589 /* Cocoa.framework */; };
		827CE5D01347B49D00170589 /* InfoPlist.strings in Resources */ = {isa = PBXBuildFile; fileRef = 827CE5CE1347B49D00170589 /* InfoPlist.strings */; };
		827CE5D31347B49D00170589 /* main.m in Sources */ = {isa = PBXBuildFile; fileRef = 827CE5D21347B49D00170589 /* main.m */; };
		827CE5D71347B49D00170589 /* MainMenu.xib in Resources */ = {isa = PBXBuildFile; fileRef = 827CE5D51347B49D00170589 /* MainMenu.xib */; };
		827CE5DA1347B49D00170589 /* rb_main.rb in Resources */ = {isa = PBXBuildFile; fileRef = 827CE5D91347B49D00170589 /* rb_main.rb */; };
		827CE5DC1347B49D00170589 /* ThumperDelegate.rb in Resources */ = {isa = PBXBuildFile; fileRef = 827CE5DB1347B49D00170589 /* ThumperDelegate.rb */; };
		827CE5E61347B4D200170589 /* Subsonic.rb in Resources */ = {isa = PBXBuildFile; fileRef = 827CE5E51347B4D200170589 /* Subsonic.rb */; };
		8289379E14A4F30D00B20D65 /* MenuIcon.png in Resources */ = {isa = PBXBuildFile; fileRef = 8289379D14A4F30C00B20D65 /* MenuIcon.png */; };
		828937A014A5066C00B20D65 /* ThumperCustomImageView.rb in Resources */ = {isa = PBXBuildFile; fileRef = 8289379F14A5066C00B20D65 /* ThumperCustomImageView.rb */; };
		828D56E41358BA9C0072A9EC /* Play.png in Resources */ = {isa = PBXBuildFile; fileRef = 828D56E31358BA9C0072A9EC /* Play.png */; };
		828D56E61358BD0A0072A9EC /* Next.png in Resources */ = {isa = PBXBuildFile; fileRef = 828D56E51358BD0A0072A9EC /* Next.png */; };
		828D56E81358BDBA0072A9EC /* Previous.png in Resources */ = {isa = PBXBuildFile; fileRef = 828D56E71358BDBA0072A9EC /* Previous.png */; };
		828D56EA1358C1BD0072A9EC /* Pause.png in Resources */ = {isa = PBXBuildFile; fileRef = 828D56E91358C1BD0072A9EC /* Pause.png */; };
		82965E3B1348EFD6005C99FB /* ThumperArtistIndexDelegate.rb in Resources */ = {isa = PBXBuildFile; fileRef = 82965E3A1348EFD6005C99FB /* ThumperArtistIndexDelegate.rb */; };
		82B2FFB01354E698000DBA78 /* ThumperPlaylistsDelegate.rb in Resources */ = {isa = PBXBuildFile; fileRef = 82B2FFAF1354E698000DBA78 /* ThumperPlaylistsDelegate.rb */; };
		82B2FFB31354F4A0000DBA78 /* ThumperPlaylistSongsDelegate.rb in Resources */ = {isa = PBXBuildFile; fileRef = 82B2FFB21354F4A0000DBA78 /* ThumperPlaylistSongsDelegate.rb */; };
		82B71E7113E750130079C730 /* IOKit.framework in Frameworks */ = {isa = PBXBuildFile; fileRef = 82B71E7013E750130079C730 /* IOKit.framework */; };
		82B7E412135234EC0064907A /* album.jpg in Resources */ = {isa = PBXBuildFile; fileRef = 82B7E411135234EC0064907A /* album.jpg */; };
		82C0648A136C525300A6F2C6 /* Logo.png in Resources */ = {isa = PBXBuildFile; fileRef = 82C06489136C525300A6F2C6 /* Logo.png */; };
		82C4CA2115B08E55005ACBDF /* ThumperMenu.rb in Resources */ = {isa = PBXBuildFile; fileRef = 82C4CA2015B08E55005ACBDF /* ThumperMenu.rb */; };
		82CD71F8135F6BDA008B6F80 /* Stop.png in Resources */ = {isa = PBXBuildFile; fileRef = 82CD71F7135F6BDA008B6F80 /* Stop.png */; };
		82D6360C13A7D0A1002452C6 /* SimpleModal.rb in Resources */ = {isa = PBXBuildFile; fileRef = 82D6360B13A7D0A1002452C6 /* SimpleModal.rb */; };
		82E0490D149BDE81004F9507 /* LogoWhite.png in Resources */ = {isa = PBXBuildFile; fileRef = 82E0490C149BDD1A004F9507 /* LogoWhite.png */; };
		82E0748413F0491800D674E3 /* Carbon.framework in Frameworks */ = {isa = PBXBuildFile; fileRef = 82E0748313F0491800D674E3 /* Carbon.framework */; };
		82E7F16814AB9A9A00559E82 /* ThumperMovie.rb in Resources */ = {isa = PBXBuildFile; fileRef = 82E7F16714AB9A8300559E82 /* ThumperMovie.rb */; };
		82EA85A3134FA87200C38A05 /* ThumperApplicaiton.rb in Resources */ = {isa = PBXBuildFile; fileRef = 82EA85A2134FA87200C38A05 /* ThumperApplicaiton.rb */; };
		82EA85A6134FB0B300C38A05 /* Database.rb in Resources */ = {isa = PBXBuildFile; fileRef = 82EA85A5134FB0B300C38A05 /* Database.rb */; };
		82EF50A513576BA200E0C062 /* ThumperProgressIndicator.rb in Resources */ = {isa = PBXBuildFile; fileRef = 82EF50A413576BA200E0C062 /* ThumperProgressIndicator.rb */; };
		82EFCC9813A663980046D08F /* ThumperQuickPlaylistDelegate.rb in Resources */ = {isa = PBXBuildFile; fileRef = 82EFCC9713A663980046D08F /* ThumperQuickPlaylistDelegate.rb */; };
		82EFCC9A13A6C39B0046D08F /* ThumperSmartPlaylistDelegate.rb in Resources */ = {isa = PBXBuildFile; fileRef = 82EFCC9913A6C39B0046D08F /* ThumperSmartPlaylistDelegate.rb */; };
		82F67F1D135A15950099A6FC /* Dock.icns in Resources */ = {isa = PBXBuildFile; fileRef = 82F67F1C135A15950099A6FC /* Dock.icns */; };
		82F67F26135B75BD0099A6FC /* Playing.png in Resources */ = {isa = PBXBuildFile; fileRef = 82F67F23135B75BD0099A6FC /* Playing.png */; };
		82FE78C2137DD3EB00238800 /* BWToolkitFramework.framework in Frameworks */ = {isa = PBXBuildFile; fileRef = 82FE78C1137DD3EB00238800 /* BWToolkitFramework.framework */; };
		82FE78DA137DD54300238800 /* BWToolkitFramework.framework in CopyFiles */ = {isa = PBXBuildFile; fileRef = 82FE78C1137DD3EB00238800 /* BWToolkitFramework.framework */; };
/* End PBXBuildFile section */

/* Begin PBXCopyFilesBuildPhase section */
		820ED70E135788BA00C0D484 /* CopyFiles */ = {
			isa = PBXCopyFilesBuildPhase;
			buildActionMask = 2147483647;
			dstPath = "";
			dstSubfolderSpec = 10;
			files = (
				82FE78DA137DD54300238800 /* BWToolkitFramework.framework in CopyFiles */,
			);
			runOnlyForDeploymentPostprocessing = 0;
		};
/* End PBXCopyFilesBuildPhase section */

/* Begin PBXFileReference section */
		822D40BA164178DB007DC298 /* MacRuby.framework */ = {isa = PBXFileReference; lastKnownFileType = wrapper.framework; name = MacRuby.framework; path = ../../../../Library/Frameworks/MacRuby.framework; sourceTree = "<group>"; };
		823516A615AF65670028799B /* SPMediaKeyTap.h */ = {isa = PBXFileReference; fileEncoding = 4; lastKnownFileType = sourcecode.c.h; name = SPMediaKeyTap.h; path = Thumper/SPMediaKeyTap.h; sourceTree = "<group>"; };
		823516A715AF65670028799B /* SPMediaKeyTap.m */ = {isa = PBXFileReference; fileEncoding = 4; lastKnownFileType = sourcecode.c.objc; name = SPMediaKeyTap.m; path = Thumper/SPMediaKeyTap.m; sourceTree = "<group>"; };
		823516A915AF68490028799B /* NSObject+SPInvocationGrabbing.h */ = {isa = PBXFileReference; fileEncoding = 4; lastKnownFileType = sourcecode.c.h; path = "NSObject+SPInvocationGrabbing.h"; sourceTree = "<group>"; };
		823516AA15AF68490028799B /* NSObject+SPInvocationGrabbing.m */ = {isa = PBXFileReference; fileEncoding = 4; lastKnownFileType = sourcecode.c.objc; path = "NSObject+SPInvocationGrabbing.m"; sourceTree = "<group>"; };
		8235510F15DB0C4100E881B1 /* icon.iconset */ = {isa = PBXFileReference; lastKnownFileType = folder.iconset; name = icon.iconset; path = Thumper/icon.iconset; sourceTree = "<group>"; };
		82441780137442DA00B0EF2F /* ThumperTable.rb */ = {isa = PBXFileReference; fileEncoding = 4; lastKnownFileType = text.script.ruby; path = ThumperTable.rb; sourceTree = "<group>"; };
		8249080214929AA0009024AF /* MRNotifier.rb */ = {isa = PBXFileReference; fileEncoding = 4; lastKnownFileType = text.script.ruby; path = MRNotifier.rb; sourceTree = "<group>"; };
		825F79FB15AF467A00AA023A /* Thumper.entitlements */ = {isa = PBXFileReference; lastKnownFileType = text.xml; path = Thumper.entitlements; sourceTree = "<group>"; };
		826170AD134914EA0026F381 /* ThumperAlbumDelegate.rb */ = {isa = PBXFileReference; fileEncoding = 4; lastKnownFileType = text.script.ruby; path = ThumperAlbumDelegate.rb; sourceTree = "<group>"; };
		826170B0134922400026F381 /* ThumperSongsDelegate.rb */ = {isa = PBXFileReference; fileEncoding = 4; lastKnownFileType = text.script.ruby; path = ThumperSongsDelegate.rb; sourceTree = "<group>"; };
		826170B2134AC2E90026F381 /* ThumperCurrentPlaylistDelegate.rb */ = {isa = PBXFileReference; fileEncoding = 4; lastKnownFileType = text.script.ruby; path = ThumperCurrentPlaylistDelegate.rb; sourceTree = "<group>"; };
		826170C8134C33CE0026F381 /* Library.png */ = {isa = PBXFileReference; lastKnownFileType = image.png; name = Library.png; path = Icons/Library.png; sourceTree = "<group>"; };
		826170CA134C351A0026F381 /* PlayList.png */ = {isa = PBXFileReference; lastKnownFileType = image.png; name = PlayList.png; path = Icons/PlayList.png; sourceTree = "<group>"; };
		826170CB134C351A0026F381 /* Search.png */ = {isa = PBXFileReference; lastKnownFileType = image.png; name = Search.png; path = Icons/Search.png; sourceTree = "<group>"; };
		82645E21135CE8CF00B3CDEF /* ThumperSearchDelegate.rb */ = {isa = PBXFileReference; fileEncoding = 4; lastKnownFileType = text.script.ruby; path = ThumperSearchDelegate.rb; sourceTree = "<group>"; };
		827CE5C21347B49D00170589 /* Thumper.app */ = {isa = PBXFileReference; explicitFileType = wrapper.application; includeInIndex = 0; path = Thumper.app; sourceTree = BUILT_PRODUCTS_DIR; };
		827CE5C61347B49D00170589 /* Cocoa.framework */ = {isa = PBXFileReference; lastKnownFileType = wrapper.framework; name = Cocoa.framework; path = System/Library/Frameworks/Cocoa.framework; sourceTree = SDKROOT; };
		827CE5CD1347B49D00170589 /* Thumper-Info.plist */ = {isa = PBXFileReference; lastKnownFileType = text.plist.xml; path = "Thumper-Info.plist"; sourceTree = "<group>"; };
		827CE5CF1347B49D00170589 /* en */ = {isa = PBXFileReference; lastKnownFileType = text.plist.strings; name = en; path = en.lproj/InfoPlist.strings; sourceTree = "<group>"; };
		827CE5D11347B49D00170589 /* Thumper-Prefix.pch */ = {isa = PBXFileReference; lastKnownFileType = sourcecode.c.h; path = "Thumper-Prefix.pch"; sourceTree = "<group>"; };
		827CE5D21347B49D00170589 /* main.m */ = {isa = PBXFileReference; lastKnownFileType = sourcecode.c.objc; path = main.m; sourceTree = "<group>"; };
		827CE5D61347B49D00170589 /* en */ = {isa = PBXFileReference; lastKnownFileType = file.xib; name = en; path = en.lproj/MainMenu.xib; sourceTree = "<group>"; };
		827CE5D91347B49D00170589 /* rb_main.rb */ = {isa = PBXFileReference; lastKnownFileType = text.script.ruby; path = rb_main.rb; sourceTree = "<group>"; };
		827CE5DB1347B49D00170589 /* ThumperDelegate.rb */ = {isa = PBXFileReference; lastKnownFileType = text.script.ruby; path = ThumperDelegate.rb; sourceTree = "<group>"; };
		827CE5E51347B4D200170589 /* Subsonic.rb */ = {isa = PBXFileReference; fileEncoding = 4; lastKnownFileType = text.script.ruby; name = Subsonic.rb; path = Classes/Subsonic.rb; sourceTree = "<group>"; };
		8289379D14A4F30C00B20D65 /* MenuIcon.png */ = {isa = PBXFileReference; lastKnownFileType = image.png; name = MenuIcon.png; path = Icons/MenuIcon.png; sourceTree = "<group>"; };
		8289379F14A5066C00B20D65 /* ThumperCustomImageView.rb */ = {isa = PBXFileReference; fileEncoding = 4; lastKnownFileType = text.script.ruby; path = ThumperCustomImageView.rb; sourceTree = "<group>"; };
		828D56E31358BA9C0072A9EC /* Play.png */ = {isa = PBXFileReference; lastKnownFileType = image.png; name = Play.png; path = Icons/Play.png; sourceTree = "<group>"; };
		828D56E51358BD0A0072A9EC /* Next.png */ = {isa = PBXFileReference; lastKnownFileType = image.png; name = Next.png; path = Icons/Next.png; sourceTree = "<group>"; };
		828D56E71358BDBA0072A9EC /* Previous.png */ = {isa = PBXFileReference; lastKnownFileType = image.png; name = Previous.png; path = Icons/Previous.png; sourceTree = "<group>"; };
		828D56E91358C1BD0072A9EC /* Pause.png */ = {isa = PBXFileReference; lastKnownFileType = image.png; name = Pause.png; path = Icons/Pause.png; sourceTree = "<group>"; };
		82965E3A1348EFD6005C99FB /* ThumperArtistIndexDelegate.rb */ = {isa = PBXFileReference; fileEncoding = 4; lastKnownFileType = text.script.ruby; path = ThumperArtistIndexDelegate.rb; sourceTree = "<group>"; };
		82B2FFAF1354E698000DBA78 /* ThumperPlaylistsDelegate.rb */ = {isa = PBXFileReference; fileEncoding = 4; lastKnownFileType = text.script.ruby; path = ThumperPlaylistsDelegate.rb; sourceTree = "<group>"; };
		82B2FFB21354F4A0000DBA78 /* ThumperPlaylistSongsDelegate.rb */ = {isa = PBXFileReference; fileEncoding = 4; lastKnownFileType = text.script.ruby; path = ThumperPlaylistSongsDelegate.rb; sourceTree = "<group>"; };
		82B71E7013E750130079C730 /* IOKit.framework */ = {isa = PBXFileReference; lastKnownFileType = wrapper.framework; name = IOKit.framework; path = System/Library/Frameworks/IOKit.framework; sourceTree = SDKROOT; };
		82B7E411135234EC0064907A /* album.jpg */ = {isa = PBXFileReference; lastKnownFileType = image.jpeg; name = album.jpg; path = Icons/album.jpg; sourceTree = "<group>"; };
		82C06489136C525300A6F2C6 /* Logo.png */ = {isa = PBXFileReference; lastKnownFileType = image.png; name = Logo.png; path = Icons/Logo.png; sourceTree = "<group>"; };
		82C4CA2015B08E55005ACBDF /* ThumperMenu.rb */ = {isa = PBXFileReference; fileEncoding = 4; lastKnownFileType = text.script.ruby; path = ThumperMenu.rb; sourceTree = "<group>"; };
		82CD71F7135F6BDA008B6F80 /* Stop.png */ = {isa = PBXFileReference; lastKnownFileType = image.png; name = Stop.png; path = Icons/Stop.png; sourceTree = "<group>"; };
		82D6360B13A7D0A1002452C6 /* SimpleModal.rb */ = {isa = PBXFileReference; fileEncoding = 4; lastKnownFileType = text.script.ruby; path = SimpleModal.rb; sourceTree = "<group>"; };
		82E0490C149BDD1A004F9507 /* LogoWhite.png */ = {isa = PBXFileReference; lastKnownFileType = image.png; name = LogoWhite.png; path = Icons/LogoWhite.png; sourceTree = "<group>"; };
		82E0748313F0491800D674E3 /* Carbon.framework */ = {isa = PBXFileReference; lastKnownFileType = wrapper.framework; name = Carbon.framework; path = System/Library/Frameworks/Carbon.framework; sourceTree = SDKROOT; };
		82E7F16714AB9A8300559E82 /* ThumperMovie.rb */ = {isa = PBXFileReference; fileEncoding = 4; lastKnownFileType = text.script.ruby; path = ThumperMovie.rb; sourceTree = "<group>"; };
		82EA85A2134FA87200C38A05 /* ThumperApplicaiton.rb */ = {isa = PBXFileReference; fileEncoding = 4; lastKnownFileType = text.script.ruby; path = ThumperApplicaiton.rb; sourceTree = "<group>"; };
		82EA85A5134FB0B300C38A05 /* Database.rb */ = {isa = PBXFileReference; fileEncoding = 4; lastKnownFileType = text.script.ruby; path = Database.rb; sourceTree = "<group>"; };
		82EF50A413576BA200E0C062 /* ThumperProgressIndicator.rb */ = {isa = PBXFileReference; fileEncoding = 4; lastKnownFileType = text.script.ruby; path = ThumperProgressIndicator.rb; sourceTree = "<group>"; };
		82EFCC9713A663980046D08F /* ThumperQuickPlaylistDelegate.rb */ = {isa = PBXFileReference; fileEncoding = 4; lastKnownFileType = text.script.ruby; path = ThumperQuickPlaylistDelegate.rb; sourceTree = "<group>"; };
		82EFCC9913A6C39B0046D08F /* ThumperSmartPlaylistDelegate.rb */ = {isa = PBXFileReference; fileEncoding = 4; lastKnownFileType = text.script.ruby; path = ThumperSmartPlaylistDelegate.rb; sourceTree = "<group>"; };
		82F67F1C135A15950099A6FC /* Dock.icns */ = {isa = PBXFileReference; lastKnownFileType = image.icns; name = Dock.icns; path = Icons/Dock.icns; sourceTree = "<group>"; };
		82F67F23135B75BD0099A6FC /* Playing.png */ = {isa = PBXFileReference; lastKnownFileType = image.png; name = Playing.png; path = Icons/Playing.png; sourceTree = "<group>"; };
		82FE78C1137DD3EB00238800 /* BWToolkitFramework.framework */ = {isa = PBXFileReference; lastKnownFileType = wrapper.framework; path = BWToolkitFramework.framework; sourceTree = "<group>"; };
/* End PBXFileReference section */

/* Begin PBXFrameworksBuildPhase section */
		827CE5BF1347B49D00170589 /* Frameworks */ = {
			isa = PBXFrameworksBuildPhase;
			buildActionMask = 2147483647;
			files = (
				822D40BB164178DB007DC298 /* MacRuby.framework in Frameworks */,
				82E0748413F0491800D674E3 /* Carbon.framework in Frameworks */,
				82B71E7113E750130079C730 /* IOKit.framework in Frameworks */,
				827CE5C71347B49D00170589 /* Cocoa.framework in Frameworks */,
				82FE78C2137DD3EB00238800 /* BWToolkitFramework.framework in Frameworks */,
			);
			runOnlyForDeploymentPostprocessing = 0;
		};
/* End PBXFrameworksBuildPhase section */

/* Begin PBXGroup section */
		826170C4134C30470026F381 /* Icons */ = {
			isa = PBXGroup;
			children = (
				8289379D14A4F30C00B20D65 /* MenuIcon.png */,
				82E0490C149BDD1A004F9507 /* LogoWhite.png */,
				82C06489136C525300A6F2C6 /* Logo.png */,
				82CD71F7135F6BDA008B6F80 /* Stop.png */,
				82F67F23135B75BD0099A6FC /* Playing.png */,
				82F67F1C135A15950099A6FC /* Dock.icns */,
				828D56E91358C1BD0072A9EC /* Pause.png */,
				828D56E71358BDBA0072A9EC /* Previous.png */,
				828D56E51358BD0A0072A9EC /* Next.png */,
				828D56E31358BA9C0072A9EC /* Play.png */,
				82B7E411135234EC0064907A /* album.jpg */,
				826170CA134C351A0026F381 /* PlayList.png */,
				826170CB134C351A0026F381 /* Search.png */,
				826170C8134C33CE0026F381 /* Library.png */,
			);
			name = Icons;
			sourceTree = "<group>";
		};
		827CE5B71347B49D00170589 = {
			isa = PBXGroup;
			children = (
				822D40BA164178DB007DC298 /* MacRuby.framework */,
				8235510F15DB0C4100E881B1 /* icon.iconset */,
				823516A915AF68490028799B /* NSObject+SPInvocationGrabbing.h */,
				823516AA15AF68490028799B /* NSObject+SPInvocationGrabbing.m */,
				823516A615AF65670028799B /* SPMediaKeyTap.h */,
				823516A715AF65670028799B /* SPMediaKeyTap.m */,
				82E0748313F0491800D674E3 /* Carbon.framework */,
				827CE5CB1347B49D00170589 /* Thumper */,
				827CE5C51347B49D00170589 /* Frameworks */,
				827CE5C31347B49D00170589 /* Products */,
			);
			sourceTree = "<group>";
		};
		827CE5C31347B49D00170589 /* Products */ = {
			isa = PBXGroup;
			children = (
				827CE5C21347B49D00170589 /* Thumper.app */,
			);
			name = Products;
			sourceTree = "<group>";
		};
		827CE5C51347B49D00170589 /* Frameworks */ = {
			isa = PBXGroup;
			children = (
				82B71E7013E750130079C730 /* IOKit.framework */,
				827CE5C61347B49D00170589 /* Cocoa.framework */,
				82FE78C1137DD3EB00238800 /* BWToolkitFramework.framework */,
			);
			name = Frameworks;
			sourceTree = "<group>";
		};
		827CE5CB1347B49D00170589 /* Thumper */ = {
			isa = PBXGroup;
			children = (
				825F79FB15AF467A00AA023A /* Thumper.entitlements */,
				8249080214929AA0009024AF /* MRNotifier.rb */,
				82D6360B13A7D0A1002452C6 /* SimpleModal.rb */,
				82EFCC9913A6C39B0046D08F /* ThumperSmartPlaylistDelegate.rb */,
				82EFCC9713A663980046D08F /* ThumperQuickPlaylistDelegate.rb */,
				82441780137442DA00B0EF2F /* ThumperTable.rb */,
				82645E21135CE8CF00B3CDEF /* ThumperSearchDelegate.rb */,
				82EF50A413576BA200E0C062 /* ThumperProgressIndicator.rb */,
				82B2FFB21354F4A0000DBA78 /* ThumperPlaylistSongsDelegate.rb */,
				82B2FFAF1354E698000DBA78 /* ThumperPlaylistsDelegate.rb */,
				82EA85A5134FB0B300C38A05 /* Database.rb */,
				82EA85A2134FA87200C38A05 /* ThumperApplicaiton.rb */,
				826170B2134AC2E90026F381 /* ThumperCurrentPlaylistDelegate.rb */,
				826170B0134922400026F381 /* ThumperSongsDelegate.rb */,
				826170AD134914EA0026F381 /* ThumperAlbumDelegate.rb */,
				827CE5E51347B4D200170589 /* Subsonic.rb */,
				82965E3A1348EFD6005C99FB /* ThumperArtistIndexDelegate.rb */,
				827CE5DB1347B49D00170589 /* ThumperDelegate.rb */,
				8289379F14A5066C00B20D65 /* ThumperCustomImageView.rb */,
				827CE5D41347B49D00170589 /* Resources */,
				827CE5D81347B49D00170589 /* Other Sources */,
				827CE5CC1347B49D00170589 /* Supporting Files */,
				82E7F16714AB9A8300559E82 /* ThumperMovie.rb */,
				82C4CA2015B08E55005ACBDF /* ThumperMenu.rb */,
			);
			path = Thumper;
			sourceTree = "<group>";
		};
		827CE5CC1347B49D00170589 /* Supporting Files */ = {
			isa = PBXGroup;
			children = (
				827CE5CD1347B49D00170589 /* Thumper-Info.plist */,
				827CE5CE1347B49D00170589 /* InfoPlist.strings */,
				827CE5D11347B49D00170589 /* Thumper-Prefix.pch */,
				827CE5D21347B49D00170589 /* main.m */,
			);
			name = "Supporting Files";
			sourceTree = "<group>";
		};
		827CE5D41347B49D00170589 /* Resources */ = {
			isa = PBXGroup;
			children = (
				826170C4134C30470026F381 /* Icons */,
				827CE5D51347B49D00170589 /* MainMenu.xib */,
			);
			name = Resources;
			sourceTree = "<group>";
		};
		827CE5D81347B49D00170589 /* Other Sources */ = {
			isa = PBXGroup;
			children = (
				827CE5D91347B49D00170589 /* rb_main.rb */,
			);
			name = "Other Sources";
			sourceTree = "<group>";
		};
/* End PBXGroup section */

/* Begin PBXLegacyTarget section */
		82FF087213799BB5007DD06A /* Deployment */ = {
			isa = PBXLegacyTarget;
			buildArgumentsString = "--compile --gem sqlite3 --gem sequel --embed";
			buildConfigurationList = 82FF087313799BB5007DD06A /* Build configuration list for PBXLegacyTarget "Deployment" */;
			buildPhases = (
			);
			buildToolPath = /usr/local/bin/macruby_deploy;
			buildWorkingDirectory = "";
			dependencies = (
			);
			name = Deployment;
			passBuildSettingsInEnvironment = 1;
			productName = Deployment;
		};
/* End PBXLegacyTarget section */

/* Begin PBXNativeTarget section */
		827CE5C11347B49D00170589 /* Thumper */ = {
			isa = PBXNativeTarget;
			buildConfigurationList = 827CE5DF1347B49D00170589 /* Build configuration list for PBXNativeTarget "Thumper" */;
			buildPhases = (
				827CE5BE1347B49D00170589 /* Sources */,
				827CE5BF1347B49D00170589 /* Frameworks */,
				827CE5C01347B49D00170589 /* Resources */,
				820ED70E135788BA00C0D484 /* CopyFiles */,
			);
			buildRules = (
			);
			dependencies = (
			);
			name = Thumper;
			productName = Thumper;
			productReference = 827CE5C21347B49D00170589 /* Thumper.app */;
			productType = "com.apple.product-type.application";
		};
/* End PBXNativeTarget section */

/* Begin PBXProject section */
		827CE5B91347B49D00170589 /* Project object */ = {
			isa = PBXProject;
			attributes = {
				LastUpgradeCheck = 0450;
				ORGANIZATIONNAME = "Daniel Westendorf";
			};
			buildConfigurationList = 827CE5BC1347B49D00170589 /* Build configuration list for PBXProject "Thumper" */;
			compatibilityVersion = "Xcode 3.2";
			developmentRegion = English;
			hasScannedForEncodings = 0;
			knownRegions = (
				en,
			);
			mainGroup = 827CE5B71347B49D00170589;
			productRefGroup = 827CE5C31347B49D00170589 /* Products */;
			projectDirPath = "";
			projectRoot = "";
			targets = (
				827CE5C11347B49D00170589 /* Thumper */,
				82FF087213799BB5007DD06A /* Deployment */,
			);
		};
/* End PBXProject section */

/* Begin PBXResourcesBuildPhase section */
		827CE5C01347B49D00170589 /* Resources */ = {
			isa = PBXResourcesBuildPhase;
			buildActionMask = 2147483647;
			files = (
				82E0490D149BDE81004F9507 /* LogoWhite.png in Resources */,
				8249080514929D53009024AF /* MRNotifier.rb in Resources */,
				827CE5D01347B49D00170589 /* InfoPlist.strings in Resources */,
				827CE5D71347B49D00170589 /* MainMenu.xib in Resources */,
				827CE5DA1347B49D00170589 /* rb_main.rb in Resources */,
				827CE5DC1347B49D00170589 /* ThumperDelegate.rb in Resources */,
				827CE5E61347B4D200170589 /* Subsonic.rb in Resources */,
				82965E3B1348EFD6005C99FB /* ThumperArtistIndexDelegate.rb in Resources */,
				826170AE134914EA0026F381 /* ThumperAlbumDelegate.rb in Resources */,
				826170B1134922400026F381 /* ThumperSongsDelegate.rb in Resources */,
				826170B3134AC2E90026F381 /* ThumperCurrentPlaylistDelegate.rb in Resources */,
				826170C9134C33CE0026F381 /* Library.png in Resources */,
				826170CC134C351A0026F381 /* PlayList.png in Resources */,
				826170CD134C351A0026F381 /* Search.png in Resources */,
				82EA85A3134FA87200C38A05 /* ThumperApplicaiton.rb in Resources */,
				82EA85A6134FB0B300C38A05 /* Database.rb in Resources */,
				82B7E412135234EC0064907A /* album.jpg in Resources */,
				82B2FFB01354E698000DBA78 /* ThumperPlaylistsDelegate.rb in Resources */,
				82B2FFB31354F4A0000DBA78 /* ThumperPlaylistSongsDelegate.rb in Resources */,
				82EF50A513576BA200E0C062 /* ThumperProgressIndicator.rb in Resources */,
				828D56E41358BA9C0072A9EC /* Play.png in Resources */,
				828D56E61358BD0A0072A9EC /* Next.png in Resources */,
				828D56E81358BDBA0072A9EC /* Previous.png in Resources */,
				828D56EA1358C1BD0072A9EC /* Pause.png in Resources */,
				82F67F1D135A15950099A6FC /* Dock.icns in Resources */,
				82F67F26135B75BD0099A6FC /* Playing.png in Resources */,
				82645E22135CE8CF00B3CDEF /* ThumperSearchDelegate.rb in Resources */,
				82CD71F8135F6BDA008B6F80 /* Stop.png in Resources */,
				82C0648A136C525300A6F2C6 /* Logo.png in Resources */,
				82E7F16814AB9A9A00559E82 /* ThumperMovie.rb in Resources */,
				82441781137442DA00B0EF2F /* ThumperTable.rb in Resources */,
				82EFCC9813A663980046D08F /* ThumperQuickPlaylistDelegate.rb in Resources */,
				82EFCC9A13A6C39B0046D08F /* ThumperSmartPlaylistDelegate.rb in Resources */,
				82D6360C13A7D0A1002452C6 /* SimpleModal.rb in Resources */,
				8289379E14A4F30D00B20D65 /* MenuIcon.png in Resources */,
				828937A014A5066C00B20D65 /* ThumperCustomImageView.rb in Resources */,
				82C4CA2115B08E55005ACBDF /* ThumperMenu.rb in Resources */,
				8235511015DB0C4100E881B1 /* icon.iconset in Resources */,
			);
			runOnlyForDeploymentPostprocessing = 0;
		};
/* End PBXResourcesBuildPhase section */

/* Begin PBXSourcesBuildPhase section */
		827CE5BE1347B49D00170589 /* Sources */ = {
			isa = PBXSourcesBuildPhase;
			buildActionMask = 2147483647;
			files = (
				827CE5D31347B49D00170589 /* main.m in Sources */,
				823516A815AF65670028799B /* SPMediaKeyTap.m in Sources */,
				823516AB15AF68490028799B /* NSObject+SPInvocationGrabbing.m in Sources */,
			);
			runOnlyForDeploymentPostprocessing = 0;
		};
/* End PBXSourcesBuildPhase section */

/* Begin PBXVariantGroup section */
		827CE5CE1347B49D00170589 /* InfoPlist.strings */ = {
			isa = PBXVariantGroup;
			children = (
				827CE5CF1347B49D00170589 /* en */,
			);
			name = InfoPlist.strings;
			sourceTree = "<group>";
		};
		827CE5D51347B49D00170589 /* MainMenu.xib */ = {
			isa = PBXVariantGroup;
			children = (
				827CE5D61347B49D00170589 /* en */,
			);
			name = MainMenu.xib;
			sourceTree = "<group>";
		};
/* End PBXVariantGroup section */

/* Begin XCBuildConfiguration section */
		827CE5DD1347B49D00170589 /* Debug */ = {
			isa = XCBuildConfiguration;
			buildSettings = {
				ARCHS = "$(NATIVE_ARCH_ACTUAL)";
				CODE_SIGN_IDENTITY = "Mac Developer: Daniel Westendorf (E8C3C6AS95)";
				GCC_C_LANGUAGE_STANDARD = gnu99;
				GCC_OPTIMIZATION_LEVEL = 0;
				GCC_PREPROCESSOR_DEFINITIONS = DEBUG;
				GCC_SYMBOLS_PRIVATE_EXTERN = NO;
				GCC_VERSION = com.apple.compilers.llvm.clang.1_0;
				GCC_WARN_64_TO_32_BIT_CONVERSION = YES;
				GCC_WARN_ABOUT_RETURN_TYPE = YES;
				GCC_WARN_UNUSED_VARIABLE = YES;
				MACOSX_DEPLOYMENT_TARGET = 10.7;
				ONLY_ACTIVE_ARCH = NO;
				PROVISIONING_PROFILE = "";
				SDKROOT = "";
				VALID_ARCHS = x86_64;
			};
			name = Debug;
		};
		827CE5DE1347B49D00170589 /* Release */ = {
			isa = XCBuildConfiguration;
			buildSettings = {
				ARCHS = x86_64;
				CODE_SIGN_IDENTITY = "Mac Developer: Daniel Westendorf (E8C3C6AS95)";
				CURRENT_PROJECT_VERSION = 1.0.0;
				DEBUG_INFORMATION_FORMAT = "dwarf-with-dsym";
				GCC_C_LANGUAGE_STANDARD = gnu99;
				GCC_VERSION = com.apple.compilers.llvm.clang.1_0;
				GCC_WARN_64_TO_32_BIT_CONVERSION = YES;
				GCC_WARN_ABOUT_RETURN_TYPE = YES;
				GCC_WARN_UNUSED_VARIABLE = YES;
				MACOSX_DEPLOYMENT_TARGET = 10.7;
				ONLY_ACTIVE_ARCH = YES;
				PROVISIONING_PROFILE = "";
				SDKROOT = "";
				VALID_ARCHS = x86_64;
			};
			name = Release;
		};
		827CE5E01347B49D00170589 /* Debug */ = {
			isa = XCBuildConfiguration;
			buildSettings = {
				ALWAYS_SEARCH_USER_PATHS = NO;
				ARCHS = "$(ARCHS_STANDARD_64_BIT)";
				CODE_SIGN_ENTITLEMENTS = Thumper/Thumper.entitlements;
				CODE_SIGN_IDENTITY = "Mac Developer: Daniel Westendorf (E8C3C6AS95)";
				COMBINE_HIDPI_IMAGES = YES;
				COPY_PHASE_STRIP = NO;
				FRAMEWORK_SEARCH_PATHS = (
					"$(inherited)",
					"\"$(SRCROOT)/../../Library/BWToolkit\"",
					"\"$(SRCROOT)/../../Downloads/BWToolKit_125_without_pAPI\"",
					"\"$(SRCROOT)\"",
					"/Library/Frameworks/**",
				);
				GCC_DYNAMIC_NO_PIC = NO;
				GCC_ENABLE_OBJC_EXCEPTIONS = YES;
				GCC_ENABLE_OBJC_GC = required;
				GCC_PRECOMPILE_PREFIX_HEADER = YES;
				GCC_PREFIX_HEADER = "Thumper/Thumper-Prefix.pch";
				INFOPLIST_FILE = "Thumper/Thumper-Info.plist";
				MACOSX_DEPLOYMENT_TARGET = 10.6;
				ONLY_ACTIVE_ARCH = YES;
				PRODUCT_NAME = "$(TARGET_NAME)";
				PROVISIONING_PROFILE = "";
				WRAPPER_EXTENSION = app;
			};
			name = Debug;
		};
		827CE5E11347B49D00170589 /* Release */ = {
			isa = XCBuildConfiguration;
			buildSettings = {
				ALWAYS_SEARCH_USER_PATHS = NO;
				ARCHS = "$(ARCHS_STANDARD_64_BIT)";
				CODE_SIGN_ENTITLEMENTS = Thumper/Thumper.entitlements;
				CODE_SIGN_IDENTITY = "Mac Developer: Daniel Westendorf (E8C3C6AS95)";
				COMBINE_HIDPI_IMAGES = YES;
				COPY_PHASE_STRIP = YES;
				DEBUG_INFORMATION_FORMAT = "dwarf-with-dsym";
				FRAMEWORK_SEARCH_PATHS = (
					"$(inherited)",
					"\"$(SRCROOT)/../../Library/BWToolkit\"",
					"\"$(SRCROOT)/../../Downloads/BWToolKit_125_without_pAPI\"",
					"\"$(SRCROOT)\"",
					"/Library/Frameworks/**",
				);
				GCC_ENABLE_OBJC_EXCEPTIONS = YES;
				GCC_ENABLE_OBJC_GC = required;
				GCC_PRECOMPILE_PREFIX_HEADER = YES;
				GCC_PREFIX_HEADER = "Thumper/Thumper-Prefix.pch";
				INFOPLIST_FILE = "Thumper/Thumper-Info.plist";
				MACOSX_DEPLOYMENT_TARGET = 10.6;
				ONLY_ACTIVE_ARCH = YES;
				PRODUCT_NAME = "$(TARGET_NAME)";
				PROVISIONING_PROFILE = "";
				WRAPPER_EXTENSION = app;
			};
			name = Release;
		};
		82FF087413799BB5007DD06A /* Debug */ = {
			isa = XCBuildConfiguration;
			buildSettings = {
				ALWAYS_SEARCH_USER_PATHS = NO;
				ARCHS = "$(ARCHS_STANDARD_64_BIT)";
				CODE_SIGN_IDENTITY = "Mac Developer: Daniel Westendorf (E8C3C6AS95)";
				COMBINE_HIDPI_IMAGES = YES;
				COPY_PHASE_STRIP = NO;
				DEBUGGING_SYMBOLS = YES;
				GCC_DYNAMIC_NO_PIC = NO;
				GCC_ENABLE_OBJC_EXCEPTIONS = YES;
				GCC_GENERATE_DEBUGGING_SYMBOLS = YES;
				GCC_OPTIMIZATION_LEVEL = 0;
				ONLY_ACTIVE_ARCH = YES;
				OTHER_CFLAGS = "";
				OTHER_LDFLAGS = "";
				PRODUCT_NAME = "$(TARGET_NAME)";
			};
			name = Debug;
		};
		82FF087513799BB5007DD06A /* Release */ = {
			isa = XCBuildConfiguration;
			buildSettings = {
				ALWAYS_SEARCH_USER_PATHS = NO;
				ARCHS = "$(ARCHS_STANDARD_64_BIT)";
				CODE_SIGN_IDENTITY = "Mac Developer: Daniel Westendorf (E8C3C6AS95)";
				COMBINE_HIDPI_IMAGES = YES;
				COPY_PHASE_STRIP = YES;
				DEBUG_INFORMATION_FORMAT = "dwarf-with-dsym";
				GCC_ENABLE_OBJC_EXCEPTIONS = YES;
				OTHER_CFLAGS = "";
				OTHER_LDFLAGS = "";
				PRODUCT_NAME = "$(TARGET_NAME)";
			};
			name = Release;
		};
/* End XCBuildConfiguration section */

/* Begin XCConfigurationList section */
		827CE5BC1347B49D00170589 /* Build configuration list for PBXProject "Thumper" */ = {
			isa = XCConfigurationList;
			buildConfigurations = (
				827CE5DD1347B49D00170589 /* Debug */,
				827CE5DE1347B49D00170589 /* Release */,
			);
			defaultConfigurationIsVisible = 0;
			defaultConfigurationName = Release;
		};
		827CE5DF1347B49D00170589 /* Build configuration list for PBXNativeTarget "Thumper" */ = {
			isa = XCConfigurationList;
			buildConfigurations = (
				827CE5E01347B49D00170589 /* Debug */,
				827CE5E11347B49D00170589 /* Release */,
			);
			defaultConfigurationIsVisible = 0;
			defaultConfigurationName = Release;
		};
		82FF087313799BB5007DD06A /* Build configuration list for PBXLegacyTarget "Deployment" */ = {
			isa = XCConfigurationList;
			buildConfigurations = (
				82FF087413799BB5007DD06A /* Debug */,
				82FF087513799BB5007DD06A /* Release */,
			);
			defaultConfigurationIsVisible = 0;
			defaultConfigurationName = Release;
		};
/* End XCConfigurationList section */
	};
	rootObject = 827CE5B91347B49D00170589 /* Project object */;
}
